
Microsoft Visual Studio Solution File, Format Version 12.00
# Visual Studio 15
VisualStudioVersion = 15.0.28307.1321
MinimumVisualStudioVersion = 10.0.40219.1
Project("{8BC9CEB8-8B4A-11D0-8D11-00A0C91BC942}") = "ray_tracer", "ray_tracer\ray_tracer.vcxproj", "{1928F38A-D929-4011-A0B0-25311B51E214}"
EndProject
Global
	GlobalSection(SolutionConfigurationPlatforms) = preSolution
		Debug|x64 = Debug|x64
		Debug|x86 = Debug|x86
		Release|x64 = Release|x64
		Release|x86 = Release|x86
	EndGlobalSection
	GlobalSection(ProjectConfigurationPlatforms) = postSolution
		{1928F38A-D929-4011-A0B0-25311B51E214}.Debug|x64.ActiveCfg = Debug|x64
		{1928F38A-D929-4011-A0B0-25311B51E214}.Debug|x64.Build.0 = Debug|x64
		{1928F38A-D929-4011-A0B0-25311B51E214}.Debug|x86.ActiveCfg = Debug|Win32
		{1928F38A-D929-4011-A0B0-25311B51E214}.Debug|x86.Build.0 = Debug|Win32
		{1928F38A-D929-4011-A0B0-25311B51E214}.Release|x64.ActiveCfg = Release|x64
		{1928F38A-D929-4011-A0B0-25311B51E214}.Release|x64.Build.0 = Release|x64
		{1928F38A-D929-4011-A0B0-25311B51E214}.Release|x86.ActiveCfg = Release|Win32
		{1928F38A-D929-4011-A0B0-25311B51E214}.Release|x86.Build.0 = Release|Win32
	EndGlobalSection
	GlobalSection(SolutionProperties) = preSolution
		HideSolutionNode = FALSE
	EndGlobalSection
	GlobalSection(ExtensibilityGlobals) = postSolution
		SolutionGuid = {9FF36321-7611-41E0-9DE1-CB9C496F4494}
	EndGlobalSection
EndGlobal
